{
  "name": "eciestest",
  "version": "1.0.0",
  "lockfileVersion": 3,
  "requires": true,
  "packages": {
    "": {
      "name": "eciestest",
      "version": "1.0.0",
      "license": "ISC",
      "dependencies": {
        "eciesjs": "^0.4.6"
      },
      "bin": {
        "testecies": "dist/bin/index.js"
      },
      "devDependencies": {
        "@types/node": "^20.12.4"
      }
    },
    "node_modules/@noble/ciphers": {
      "version": "0.4.1",
      "resolved": "https://registry.npmjs.org/@noble/ciphers/-/ciphers-0.4.1.tgz",
      "integrity": "sha512-QCOA9cgf3Rc33owG0AYBB9wszz+Ul2kramWN8tXG44Gyciud/tbkEqvxRF/IpqQaBpRBNi9f4jdNxqB2CQCIXg==",
      "funding": {
        "url": "https://paulmillr.com/funding/"
      }
    },
    "node_modules/@noble/curves": {
      "version": "1.4.0",
      "resolved": "https://registry.npmjs.org/@noble/curves/-/curves-1.4.0.tgz",
      "integrity": "sha512-p+4cb332SFCrReJkCYe8Xzm0OWi4Jji5jVdIZRL/PmacmDkFNw6MrrV+gGpiPxLHbV+zKFRywUWbaseT+tZRXg==",
      "dependencies": {
        "@noble/hashes": "1.4.0"
      },
      "funding": {
        "url": "https://paulmillr.com/funding/"
      }
    },
    "node_modules/@noble/hashes": {
      "version": "1.4.0",
      "resolved": "https://registry.npmjs.org/@noble/hashes/-/hashes-1.4.0.tgz",
      "integrity": "sha512-V1JJ1WTRUqHHrOSh597hURcMqVKVGL/ea3kv0gSnEdsEZ0/+VyPghM1lMNGc00z7CIQorSvbKpuJkxvuHbvdbg==",
      "engines": {
        "node": ">= 16"
      },
      "funding": {
        "url": "https://paulmillr.com/funding/"
      }
    },
    "node_modules/@types/node": {
      "version": "20.12.4",
      "resolved": "https://registry.npmjs.org/@types/node/-/node-20.12.4.tgz",
      "integrity": "sha512-E+Fa9z3wSQpzgYQdYmme5X3OTuejnnTx88A6p6vkkJosR3KBz+HpE3kqNm98VE6cfLFcISx7zW7MsJkH6KwbTw==",
      "dev": true,
      "dependencies": {
        "undici-types": "~5.26.4"
      }
    },
    "node_modules/eciesjs": {
      "version": "0.4.6",
      "resolved": "https://registry.npmjs.org/eciesjs/-/eciesjs-0.4.6.tgz",
      "integrity": "sha512-t0qLzGVKeATAA6X19hIeToxBVG8yvn/be/4XyJvTCBD53m2CK22cgzk+WW+pNYjEw5FGWZLNFoJte8lyZS/A/w==",
      "dependencies": {
        "@noble/ciphers": "^0.4.0",
        "@noble/curves": "^1.2.0",
        "@noble/hashes": "^1.3.2"
      },
      "engines": {
        "node": ">=16.0.0"
      }
    },
    "node_modules/undici-types": {
      "version": "5.26.5",
      "resolved": "https://registry.npmjs.org/undici-types/-/undici-types-5.26.5.tgz",
      "integrity": "sha512-JlCMO+ehdEIKqlFxk6IfVoAUVmgz7cU7zD/h9XZ0qzeosSHmUJVOzSQvvYSYWXkFXC+IfLKSIffhv0sVZup6pA==",
      "dev": true
    }
  }
}
